{
  "name": "@kirha/mcp-server",
  "version": "1.0.0",
  "lockfileVersion": 3,
  "requires": true,
  "packages": {
    "": {
      "name": "@kirha/mcp-server",
      "version": "1.0.0",
      "cpu": [
        "x64",
        "arm64"
      ],
      "hasInstallScript": true,
      "license": "MIT",
      "os": [
        "darwin",
        "linux",
        "win32"
      ],
      "bin": {
        "kirha-mcp-server": "bin/kirha-mcp-gateway.js"
      },
      "engines": {
        "node": ">=14.0.0"
      }
    }
  }
}
